
Microsoft Visual Studio Solution File, Format Version 12.00
# Visual Studio Version 17
VisualStudioVersion = 17.3.32922.545
MinimumVisualStudioVersion = 10.0.40219.1
Project("{FAE04EC0-301F-11D3-BF4B-00C04F79EFBC}") = "1.8.1", "1.8.1\1.8.1.csproj", "{3E3DEB74-1DE1-4B26-985C-14C7AFD6953C}"
EndProject
Project("{FAE04EC0-301F-11D3-BF4B-00C04F79EFBC}") = "1.8.2", "1.8.2\1.8.2.csproj", "{8870BBC7-1FB3-4505-9E84-8414D80B2405}"
EndProject
Project("{FAE04EC0-301F-11D3-BF4B-00C04F79EFBC}") = "1.8.3.", "1.8.3\1.8.3..csproj", "{D41B28B5-F33B-4CC5-915C-69CDD224C26F}"
EndProject
Project("{FAE04EC0-301F-11D3-BF4B-00C04F79EFBC}") = "1.8.4.", "1.8.4\1.8.4..csproj", "{61EDD0FB-09F8-4E08-9E25-ADC3C99A87A8}"
EndProject
Global
	GlobalSection(SolutionConfigurationPlatforms) = preSolution
		Debug|Any CPU = Debug|Any CPU
		Release|Any CPU = Release|Any CPU
	EndGlobalSection
	GlobalSection(ProjectConfigurationPlatforms) = postSolution
		{3E3DEB74-1DE1-4B26-985C-14C7AFD6953C}.Debug|Any CPU.ActiveCfg = Debug|Any CPU
		{3E3DEB74-1DE1-4B26-985C-14C7AFD6953C}.Debug|Any CPU.Build.0 = Debug|Any CPU
		{3E3DEB74-1DE1-4B26-985C-14C7AFD6953C}.Release|Any CPU.ActiveCfg = Release|Any CPU
		{3E3DEB74-1DE1-4B26-985C-14C7AFD6953C}.Release|Any CPU.Build.0 = Release|Any CPU
		{8870BBC7-1FB3-4505-9E84-8414D80B2405}.Debug|Any CPU.ActiveCfg = Debug|Any CPU
		{8870BBC7-1FB3-4505-9E84-8414D80B2405}.Debug|Any CPU.Build.0 = Debug|Any CPU
		{8870BBC7-1FB3-4505-9E84-8414D80B2405}.Release|Any CPU.ActiveCfg = Release|Any CPU
		{8870BBC7-1FB3-4505-9E84-8414D80B2405}.Release|Any CPU.Build.0 = Release|Any CPU
		{D41B28B5-F33B-4CC5-915C-69CDD224C26F}.Debug|Any CPU.ActiveCfg = Debug|Any CPU
		{D41B28B5-F33B-4CC5-915C-69CDD224C26F}.Debug|Any CPU.Build.0 = Debug|Any CPU
		{D41B28B5-F33B-4CC5-915C-69CDD224C26F}.Release|Any CPU.ActiveCfg = Release|Any CPU
		{D41B28B5-F33B-4CC5-915C-69CDD224C26F}.Release|Any CPU.Build.0 = Release|Any CPU
		{61EDD0FB-09F8-4E08-9E25-ADC3C99A87A8}.Debug|Any CPU.ActiveCfg = Debug|Any CPU
		{61EDD0FB-09F8-4E08-9E25-ADC3C99A87A8}.Debug|Any CPU.Build.0 = Debug|Any CPU
		{61EDD0FB-09F8-4E08-9E25-ADC3C99A87A8}.Release|Any CPU.ActiveCfg = Release|Any CPU
		{61EDD0FB-09F8-4E08-9E25-ADC3C99A87A8}.Release|Any CPU.Build.0 = Release|Any CPU
	EndGlobalSection
	GlobalSection(SolutionProperties) = preSolution
		HideSolutionNode = FALSE
	EndGlobalSection
	GlobalSection(ExtensibilityGlobals) = postSolution
		SolutionGuid = {40873E45-AAA8-4A88-9139-32679B9CAA14}
	EndGlobalSection
EndGlobal
